// !$*UTF8*$!
{
	archiveVersion = 1;
	classes = {
	};
	objectVersion = 77;
	objects = {

/* Begin PBXBuildFile section */
		B23F10012FE000000000001 /* SwiftTerm in Frameworks */ = {isa = PBXBuildFile; productRef = B23F10022FE000000000001 /* SwiftTerm */; };
		B25000012FF000000000001 /* CodeEditLanguages in Frameworks */ = {isa = PBXBuildFile; productRef = B25000022FF000000000001 /* CodeEditLanguages */; };
		B25000042FF000000000001 /* SwiftTreeSitter in Frameworks */ = {isa = PBXBuildFile; productRef = B25000052FF000000000001 /* SwiftTreeSitter */; };
		B25000072FF000000000001 /* TreeSitterGroovy in Frameworks */ = {isa = PBXBuildFile; productRef = B25000082FF000000000001 /* TreeSitterGroovy */; };
/* End PBXBuildFile section */

/* Begin PBXContainerItemProxy section */
		B22A00072FD6E00000000001 /* PBXContainerItemProxy */ = {
			isa = PBXContainerItemProxy;
			containerPortal = B21AEBA82FD6D057008C4AEE /* Project object */;
			proxyType = 1;
			remoteGlobalIDString = B21AEBAF2FD6D057008C4AEE;
			remoteInfo = ruri;
		};
/* End PBXContainerItemProxy section */

/* Begin PBXFileReference section */
		B21AEBB02FD6D057008C4AEE /* Ruri.app */ = {isa = PBXFileReference; explicitFileType = wrapper.application; includeInIndex = 0; path = Ruri.app; sourceTree = BUILT_PRODUCTS_DIR; };
		B22A00012FD6E00000000001 /* RuriTests.xctest */ = {isa = PBXFileReference; explicitFileType = wrapper.cfbundle; includeInIndex = 0; path = RuriTests.xctest; sourceTree = BUILT_PRODUCTS_DIR; };
/* End PBXFileReference section */

/* Begin PBXFileSystemSynchronizedBuildFileExceptionSet section */
		B25A00022FE1000000000001 /* Exceptions for "Ruri" folder in "Ruri" target */ = {
			isa = PBXFileSystemSynchronizedBuildFileExceptionSet;
			membershipExceptions = (
				Info.plist,
			);
			target = B21AEBAF2FD6D057008C4AEE /* Ruri */;
		};
/* End PBXFileSystemSynchronizedBuildFileExceptionSet section */

/* Begin PBXFileSystemSynchronizedRootGroup section */
		B21AEBB22FD6D057008C4AEE /* Ruri */ = {
			isa = PBXFileSystemSynchronizedRootGroup;
			exceptions = (
				B25A00022FE1000000000001 /* Exceptions for "Ruri" folder in "Ruri" target */,
			);
			path = Ruri;
			sourceTree = "<group>";
		};
		B22A00022FD6E00000000001 /* RuriTests */ = {
			isa = PBXFileSystemSynchronizedRootGroup;
			path = RuriTests;
			sourceTree = "<group>";
		};
/* End PBXFileSystemSynchronizedRootGroup section */

/* Begin PBXFrameworksBuildPhase section */
		B21AEBAD2FD6D057008C4AEE /* Frameworks */ = {
			isa = PBXFrameworksBuildPhase;
			buildActionMask = 2147483647;
			files = (
				B25000012FF000000000001 /* CodeEditLanguages in Frameworks */,
				B25000042FF000000000001 /* SwiftTreeSitter in Frameworks */,
				B25000072FF000000000001 /* TreeSitterGroovy in Frameworks */,
				B23F10012FE000000000001 /* SwiftTerm in Frameworks */,
			);
			runOnlyForDeploymentPostprocessing = 0;
		};
		B22A00032FD6E00000000001 /* Frameworks */ = {
			isa = PBXFrameworksBuildPhase;
			buildActionMask = 2147483647;
			files = (
			);
			runOnlyForDeploymentPostprocessing = 0;
		};
/* End PBXFrameworksBuildPhase section */

/* Begin PBXGroup section */
		B21AEBA72FD6D057008C4AEE = {
			isa = PBXGroup;
			children = (
				B21AEBB22FD6D057008C4AEE /* Ruri */,
				B22A00022FD6E00000000001 /* RuriTests */,
				B21AEBB12FD6D057008C4AEE /* Products */,
			);
			sourceTree = "<group>";
		};
		B21AEBB12FD6D057008C4AEE /* Products */ = {
			isa = PBXGroup;
			children = (
				B21AEBB02FD6D057008C4AEE /* Ruri.app */,
				B22A00012FD6E00000000001 /* RuriTests.xctest */,
			);
			name = Products;
			sourceTree = "<group>";
		};
/* End PBXGroup section */

/* Begin PBXNativeTarget section */
		B21AEBAF2FD6D057008C4AEE /* Ruri */ = {
			isa = PBXNativeTarget;
			buildConfigurationList = B21AEBBB2FD6D058008C4AEE /* Build configuration list for PBXNativeTarget "Ruri" */;
			buildPhases = (
				B21AEBAC2FD6D057008C4AEE /* Sources */,
				B21AEBAD2FD6D057008C4AEE /* Frameworks */,
				B21AEBAE2FD6D057008C4AEE /* Resources */,
			);
			buildRules = (
			);
			dependencies = (
			);
			fileSystemSynchronizedGroups = (
				B21AEBB22FD6D057008C4AEE /* Ruri */,
			);
			name = Ruri;
			packageProductDependencies = (
				B25000022FF000000000001 /* CodeEditLanguages */,
				B25000052FF000000000001 /* SwiftTreeSitter */,
				B25000082FF000000000001 /* TreeSitterGroovy */,
				B23F10022FE000000000001 /* SwiftTerm */,
			);
			productName = ruri;
			productReference = B21AEBB02FD6D057008C4AEE /* Ruri.app */;
			productType = "com.apple.product-type.application";
		};
		B22A00062FD6E00000000001 /* RuriTests */ = {
			isa = PBXNativeTarget;
			buildConfigurationList = B22A000B2FD6E00000000001 /* Build configuration list for PBXNativeTarget "RuriTests" */;
			buildPhases = (
				B22A00052FD6E00000000001 /* Sources */,
				B22A00032FD6E00000000001 /* Frameworks */,
				B22A00042FD6E00000000001 /* Resources */,
			);
			buildRules = (
			);
			dependencies = (
				B22A00082FD6E00000000001 /* PBXTargetDependency */,
			);
			fileSystemSynchronizedGroups = (
				B22A00022FD6E00000000001 /* RuriTests */,
			);
			name = RuriTests;
			packageProductDependencies = (
			);
			productName = ruriTests;
			productReference = B22A00012FD6E00000000001 /* RuriTests.xctest */;
			productType = "com.apple.product-type.bundle.unit-test";
		};
/* End PBXNativeTarget section */

/* Begin PBXProject section */
		B21AEBA82FD6D057008C4AEE /* Project object */ = {
			isa = PBXProject;
			attributes = {
				BuildIndependentTargetsInParallel = 1;
				LastSwiftUpdateCheck = 2600;
				LastUpgradeCheck = 2600;
				TargetAttributes = {
					B21AEBAF2FD6D057008C4AEE = {
						CreatedOnToolsVersion = 26.0.1;
					};
					B22A00062FD6E00000000001 = {
						CreatedOnToolsVersion = 26.0.1;
						TestTargetID = B21AEBAF2FD6D057008C4AEE;
					};
				};
			};
			buildConfigurationList = B21AEBAB2FD6D057008C4AEE /* Build configuration list for PBXProject "Ruri" */;
			developmentRegion = en;
			hasScannedForEncodings = 0;
			knownRegions = (
				en,
				Base,
			);
			mainGroup = B21AEBA72FD6D057008C4AEE;
			minimizedProjectReferenceProxies = 1;
			packageReferences = (
				B25000032FF000000000001 /* XCRemoteSwiftPackageReference "CodeEditLanguages" */,
				B25000062FF000000000001 /* XCRemoteSwiftPackageReference "SwiftTreeSitter" */,
				B25000092FF000000000001 /* XCRemoteSwiftPackageReference "tree-sitter-groovy" */,
				B23F10032FE000000000001 /* XCRemoteSwiftPackageReference "SwiftTerm" */,
			);
			preferredProjectObjectVersion = 77;
			productRefGroup = B21AEBB12FD6D057008C4AEE /* Products */;
			projectDirPath = "";
			projectRoot = "";
			targets = (
				B21AEBAF2FD6D057008C4AEE /* Ruri */,
				B22A00062FD6E00000000001 /* RuriTests */,
			);
		};
/* End PBXProject section */

/* Begin PBXResourcesBuildPhase section */
		B21AEBAE2FD6D057008C4AEE /* Resources */ = {
			isa = PBXResourcesBuildPhase;
			buildActionMask = 2147483647;
			files = (
			);
			runOnlyForDeploymentPostprocessing = 0;
		};
		B22A00042FD6E00000000001 /* Resources */ = {
			isa = PBXResourcesBuildPhase;
			buildActionMask = 2147483647;
			files = (
			);
			runOnlyForDeploymentPostprocessing = 0;
		};
/* End PBXResourcesBuildPhase section */

/* Begin PBXSourcesBuildPhase section */
		B21AEBAC2FD6D057008C4AEE /* Sources */ = {
			isa = PBXSourcesBuildPhase;
			buildActionMask = 2147483647;
			files = (
			);
			runOnlyForDeploymentPostprocessing = 0;
		};
		B22A00052FD6E00000000001 /* Sources */ = {
			isa = PBXSourcesBuildPhase;
			buildActionMask = 2147483647;
			files = (
			);
			runOnlyForDeploymentPostprocessing = 0;
		};
/* End PBXSourcesBuildPhase section */

/* Begin PBXTargetDependency section */
		B22A00082FD6E00000000001 /* PBXTargetDependency */ = {
			isa = PBXTargetDependency;
			target = B21AEBAF2FD6D057008C4AEE /* Ruri */;
			targetProxy = B22A00072FD6E00000000001 /* PBXContainerItemProxy */;
		};
/* End PBXTargetDependency section */

/* Begin XCBuildConfiguration section */
		B21AEBB92FD6D058008C4AEE /* Debug */ = {
			isa = XCBuildConfiguration;
			buildSettings = {
				ALWAYS_SEARCH_USER_PATHS = NO;
				ASSETCATALOG_COMPILER_GENERATE_SWIFT_ASSET_SYMBOL_EXTENSIONS = YES;
				CLANG_ANALYZER_NONNULL = YES;
				CLANG_ANALYZER_NUMBER_OBJECT_CONVERSION = YES_AGGRESSIVE;
				CLANG_CXX_LANGUAGE_STANDARD = "gnu++20";
				CLANG_ENABLE_MODULES = YES;
				CLANG_ENABLE_OBJC_ARC = YES;
				CLANG_ENABLE_OBJC_WEAK = YES;
				CLANG_WARN_BLOCK_CAPTURE_AUTORELEASING = YES;
				CLANG_WARN_BOOL_CONVERSION = YES;
				CLANG_WARN_COMMA = YES;
				CLANG_WARN_CONSTANT_CONVERSION = YES;
				CLANG_WARN_DEPRECATED_OBJC_IMPLEMENTATIONS = YES;
				CLANG_WARN_DIRECT_OBJC_ISA_USAGE = YES_ERROR;
				CLANG_WARN_DOCUMENTATION_COMMENTS = YES;
				CLANG_WARN_EMPTY_BODY = YES;
				CLANG_WARN_ENUM_CONVERSION = YES;
				CLANG_WARN_INFINITE_RECURSION = YES;
				CLANG_WARN_INT_CONVERSION = YES;
				CLANG_WARN_NON_LITERAL_NULL_CONVERSION = YES;
				CLANG_WARN_OBJC_IMPLICIT_RETAIN_SELF = YES;
				CLANG_WARN_OBJC_LITERAL_CONVERSION = YES;
				CLANG_WARN_OBJC_ROOT_CLASS = YES_ERROR;
				CLANG_WARN_QUOTED_INCLUDE_IN_FRAMEWORK_HEADER = YES;
				CLANG_WARN_RANGE_LOOP_ANALYSIS = YES;
				CLANG_WARN_STRICT_PROTOTYPES = YES;
				CLANG_WARN_SUSPICIOUS_MOVE = YES;
				CLANG_WARN_UNGUARDED_AVAILABILITY = YES_AGGRESSIVE;
				CLANG_WARN_UNREACHABLE_CODE = YES;
				CLANG_WARN__DUPLICATE_METHOD_MATCH = YES;
				COPY_PHASE_STRIP = NO;
				DEBUG_INFORMATION_FORMAT = dwarf;
				DEVELOPMENT_TEAM = 54F452T8YN;
				ENABLE_STRICT_OBJC_MSGSEND = YES;
				ENABLE_TESTABILITY = YES;
				ENABLE_USER_SCRIPT_SANDBOXING = YES;
				GCC_C_LANGUAGE_STANDARD = gnu17;
				GCC_DYNAMIC_NO_PIC = NO;
				GCC_NO_COMMON_BLOCKS = YES;
				GCC_OPTIMIZATION_LEVEL = 0;
				GCC_PREPROCESSOR_DEFINITIONS = (
					"DEBUG=1",
					"$(inherited)",
				);
				GCC_WARN_64_TO_32_BIT_CONVERSION = YES;
				GCC_WARN_ABOUT_RETURN_TYPE = YES_ERROR;
				GCC_WARN_UNDECLARED_SELECTOR = YES;
				GCC_WARN_UNINITIALIZED_AUTOS = YES_AGGRESSIVE;
				GCC_WARN_UNUSED_FUNCTION = YES;
				GCC_WARN_UNUSED_VARIABLE = YES;
				LOCALIZATION_PREFERS_STRING_CATALOGS = YES;
				MACOSX_DEPLOYMENT_TARGET = 26.0;
				MTL_ENABLE_DEBUG_INFO = INCLUDE_SOURCE;
				MTL_FAST_MATH = YES;
				ONLY_ACTIVE_ARCH = YES;
				SDKROOT = macosx;
				SWIFT_ACTIVE_COMPILATION_CONDITIONS = "DEBUG $(inherited)";
				SWIFT_OPTIMIZATION_LEVEL = "-Onone";
			};
			name = Debug;
		};
		B21AEBBA2FD6D058008C4AEE /* Release */ = {
			isa = XCBuildConfiguration;
			buildSettings = {
				ALWAYS_SEARCH_USER_PATHS = NO;
				ASSETCATALOG_COMPILER_GENERATE_SWIFT_ASSET_SYMBOL_EXTENSIONS = YES;
				CLANG_ANALYZER_NONNULL = YES;
				CLANG_ANALYZER_NUMBER_OBJECT_CONVERSION = YES_AGGRESSIVE;
				CLANG_CXX_LANGUAGE_STANDARD = "gnu++20";
				CLANG_ENABLE_MODULES = YES;
				CLANG_ENABLE_OBJC_ARC = YES;
				CLANG_ENABLE_OBJC_WEAK = YES;
				CLANG_WARN_BLOCK_CAPTURE_AUTORELEASING = YES;
				CLANG_WARN_BOOL_CONVERSION = YES;
				CLANG_WARN_COMMA = YES;
				CLANG_WARN_CONSTANT_CONVERSION = YES;
				CLANG_WARN_DEPRECATED_OBJC_IMPLEMENTATIONS = YES;
				CLANG_WARN_DIRECT_OBJC_ISA_USAGE = YES_ERROR;
				CLANG_WARN_DOCUMENTATION_COMMENTS = YES;
				CLANG_WARN_EMPTY_BODY = YES;
				CLANG_WARN_ENUM_CONVERSION = YES;
				CLANG_WARN_INFINITE_RECURSION = YES;
				CLANG_WARN_INT_CONVERSION = YES;
				CLANG_WARN_NON_LITERAL_NULL_CONVERSION = YES;
				CLANG_WARN_OBJC_IMPLICIT_RETAIN_SELF = YES;
				CLANG_WARN_OBJC_LITERAL_CONVERSION = YES;
				CLANG_WARN_OBJC_ROOT_CLASS = YES_ERROR;
				CLANG_WARN_QUOTED_INCLUDE_IN_FRAMEWORK_HEADER = YES;
				CLANG_WARN_RANGE_LOOP_ANALYSIS = YES;
				CLANG_WARN_STRICT_PROTOTYPES = YES;
				CLANG_WARN_SUSPICIOUS_MOVE = YES;
				CLANG_WARN_UNGUARDED_AVAILABILITY = YES_AGGRESSIVE;
				CLANG_WARN_UNREACHABLE_CODE = YES;
				CLANG_WARN__DUPLICATE_METHOD_MATCH = YES;
				COPY_PHASE_STRIP = NO;
				DEBUG_INFORMATION_FORMAT = "dwarf-with-dsym";
				DEVELOPMENT_TEAM = 54F452T8YN;
				ENABLE_NS_ASSERTIONS = NO;
				ENABLE_STRICT_OBJC_MSGSEND = YES;
				ENABLE_USER_SCRIPT_SANDBOXING = YES;
				GCC_C_LANGUAGE_STANDARD = gnu17;
				GCC_NO_COMMON_BLOCKS = YES;
				GCC_WARN_64_TO_32_BIT_CONVERSION = YES;
				GCC_WARN_ABOUT_RETURN_TYPE = YES_ERROR;
				GCC_WARN_UNDECLARED_SELECTOR = YES;
				GCC_WARN_UNINITIALIZED_AUTOS = YES_AGGRESSIVE;
				GCC_WARN_UNUSED_FUNCTION = YES;
				GCC_WARN_UNUSED_VARIABLE = YES;
				LOCALIZATION_PREFERS_STRING_CATALOGS = YES;
				MACOSX_DEPLOYMENT_TARGET = 26.0;
				MTL_ENABLE_DEBUG_INFO = NO;
				MTL_FAST_MATH = YES;
				SDKROOT = macosx;
				SWIFT_COMPILATION_MODE = wholemodule;
			};
			name = Release;
		};
		B21AEBBC2FD6D058008C4AEE /* Debug */ = {
			isa = XCBuildConfiguration;
			buildSettings = {
				ASSETCATALOG_COMPILER_APPICON_NAME = AppIcon;
				ASSETCATALOG_COMPILER_GLOBAL_ACCENT_COLOR_NAME = AccentColor;
				ASSETCATALOG_COMPILER_INCLUDE_ALL_APPICON_ASSETS = NO;
				CODE_SIGN_STYLE = Automatic;
				COMBINE_HIDPI_IMAGES = YES;
				CURRENT_PROJECT_VERSION = 1;
				DEVELOPMENT_TEAM = 54F452T8YN;
				ENABLE_APP_SANDBOX = NO;
				ENABLE_HARDENED_RUNTIME = YES;
				ENABLE_PREVIEWS = YES;
				GENERATE_INFOPLIST_FILE = NO;
				INFOPLIST_FILE = Ruri/Info.plist;
				LD_RUNPATH_SEARCH_PATHS = (
					"$(inherited)",
					"@executable_path/../Frameworks",
				);
				MARKETING_VERSION = 1.0;
				PRODUCT_BUNDLE_IDENTIFIER = net.mizucoffee.ruri;
				PRODUCT_MODULE_NAME = ruri;
				PRODUCT_NAME = "$(TARGET_NAME)";
				REGISTER_APP_GROUPS = YES;
				RURI_GIT_COMMIT_SHORT_HASH = local;
				STRING_CATALOG_GENERATE_SYMBOLS = YES;
				SWIFT_APPROACHABLE_CONCURRENCY = YES;
				SWIFT_DEFAULT_ACTOR_ISOLATION = MainActor;
				SWIFT_EMIT_LOC_STRINGS = YES;
				SWIFT_UPCOMING_FEATURE_MEMBER_IMPORT_VISIBILITY = YES;
				SWIFT_VERSION = 5.0;
			};
			name = Debug;
		};
		B21AEBBD2FD6D058008C4AEE /* Release */ = {
			isa = XCBuildConfiguration;
			buildSettings = {
				ASSETCATALOG_COMPILER_APPICON_NAME = AppIcon;
				ASSETCATALOG_COMPILER_GLOBAL_ACCENT_COLOR_NAME = AccentColor;
				ASSETCATALOG_COMPILER_INCLUDE_ALL_APPICON_ASSETS = NO;
				CODE_SIGN_STYLE = Automatic;
				COMBINE_HIDPI_IMAGES = YES;
				CURRENT_PROJECT_VERSION = 1;
				DEVELOPMENT_TEAM = 54F452T8YN;
				ENABLE_APP_SANDBOX = NO;
				ENABLE_HARDENED_RUNTIME = YES;
				ENABLE_PREVIEWS = YES;
				GENERATE_INFOPLIST_FILE = NO;
				INFOPLIST_FILE = Ruri/Info.plist;
				LD_RUNPATH_SEARCH_PATHS = (
					"$(inherited)",
					"@executable_path/../Frameworks",
				);
				MARKETING_VERSION = 1.0;
				PRODUCT_BUNDLE_IDENTIFIER = net.mizucoffee.ruri;
				PRODUCT_MODULE_NAME = ruri;
				PRODUCT_NAME = "$(TARGET_NAME)";
				REGISTER_APP_GROUPS = YES;
				RURI_GIT_COMMIT_SHORT_HASH = local;
				STRING_CATALOG_GENERATE_SYMBOLS = YES;
				SWIFT_APPROACHABLE_CONCURRENCY = YES;
				SWIFT_DEFAULT_ACTOR_ISOLATION = MainActor;
				SWIFT_EMIT_LOC_STRINGS = YES;
				SWIFT_UPCOMING_FEATURE_MEMBER_IMPORT_VISIBILITY = YES;
				SWIFT_VERSION = 5.0;
			};
			name = Release;
		};
		B22A00092FD6E00000000001 /* Debug */ = {
			isa = XCBuildConfiguration;
			buildSettings = {
				BUNDLE_LOADER = "$(TEST_HOST)";
				CODE_SIGN_STYLE = Automatic;
				CURRENT_PROJECT_VERSION = 1;
				DEVELOPMENT_TEAM = 54F452T8YN;
				GENERATE_INFOPLIST_FILE = YES;
				LD_RUNPATH_SEARCH_PATHS = (
					"$(inherited)",
					"@executable_path/../Frameworks",
					"@loader_path/../Frameworks",
				);
				MACOSX_DEPLOYMENT_TARGET = 26.0;
				MARKETING_VERSION = 1.0;
				PRODUCT_BUNDLE_IDENTIFIER = net.mizucoffee.ruriTests;
				PRODUCT_NAME = "$(TARGET_NAME)";
				SWIFT_APPROACHABLE_CONCURRENCY = YES;
				SWIFT_DEFAULT_ACTOR_ISOLATION = MainActor;
				SWIFT_EMIT_LOC_STRINGS = NO;
				SWIFT_UPCOMING_FEATURE_MEMBER_IMPORT_VISIBILITY = YES;
				SWIFT_VERSION = 5.0;
				TEST_HOST = "$(BUILT_PRODUCTS_DIR)/Ruri.app/Contents/MacOS/Ruri";
			};
			name = Debug;
		};
		B22A000A2FD6E00000000001 /* Release */ = {
			isa = XCBuildConfiguration;
			buildSettings = {
				BUNDLE_LOADER = "$(TEST_HOST)";
				CODE_SIGN_STYLE = Automatic;
				CURRENT_PROJECT_VERSION = 1;
				DEVELOPMENT_TEAM = 54F452T8YN;
				GENERATE_INFOPLIST_FILE = YES;
				LD_RUNPATH_SEARCH_PATHS = (
					"$(inherited)",
					"@executable_path/../Frameworks",
					"@loader_path/../Frameworks",
				);
				MACOSX_DEPLOYMENT_TARGET = 26.0;
				MARKETING_VERSION = 1.0;
				PRODUCT_BUNDLE_IDENTIFIER = net.mizucoffee.ruriTests;
				PRODUCT_NAME = "$(TARGET_NAME)";
				SWIFT_APPROACHABLE_CONCURRENCY = YES;
				SWIFT_DEFAULT_ACTOR_ISOLATION = MainActor;
				SWIFT_EMIT_LOC_STRINGS = NO;
				SWIFT_UPCOMING_FEATURE_MEMBER_IMPORT_VISIBILITY = YES;
				SWIFT_VERSION = 5.0;
				TEST_HOST = "$(BUILT_PRODUCTS_DIR)/Ruri.app/Contents/MacOS/Ruri";
			};
			name = Release;
		};
/* End XCBuildConfiguration section */

/* Begin XCConfigurationList section */
		B21AEBAB2FD6D057008C4AEE /* Build configuration list for PBXProject "Ruri" */ = {
			isa = XCConfigurationList;
			buildConfigurations = (
				B21AEBB92FD6D058008C4AEE /* Debug */,
				B21AEBBA2FD6D058008C4AEE /* Release */,
			);
			defaultConfigurationIsVisible = 0;
			defaultConfigurationName = Release;
		};
		B21AEBBB2FD6D058008C4AEE /* Build configuration list for PBXNativeTarget "Ruri" */ = {
			isa = XCConfigurationList;
			buildConfigurations = (
				B21AEBBC2FD6D058008C4AEE /* Debug */,
				B21AEBBD2FD6D058008C4AEE /* Release */,
			);
			defaultConfigurationIsVisible = 0;
			defaultConfigurationName = Release;
		};
		B22A000B2FD6E00000000001 /* Build configuration list for PBXNativeTarget "RuriTests" */ = {
			isa = XCConfigurationList;
			buildConfigurations = (
				B22A00092FD6E00000000001 /* Debug */,
				B22A000A2FD6E00000000001 /* Release */,
			);
			defaultConfigurationIsVisible = 0;
			defaultConfigurationName = Release;
		};
/* End XCConfigurationList section */

/* Begin XCRemoteSwiftPackageReference section */
		B23F10032FE000000000001 /* XCRemoteSwiftPackageReference "SwiftTerm" */ = {
			isa = XCRemoteSwiftPackageReference;
			repositoryURL = "https://github.com/migueldeicaza/SwiftTerm.git";
			requirement = {
				kind = revision;
				revision = c2fe63d1a244e98a4fbadc7b77b93799ceb97389;
			};
		};
		B25000032FF000000000001 /* XCRemoteSwiftPackageReference "CodeEditLanguages" */ = {
			isa = XCRemoteSwiftPackageReference;
			repositoryURL = "https://github.com/CodeEditApp/CodeEditLanguages.git";
			requirement = {
				kind = exactVersion;
				version = 0.1.21;
			};
		};
		B25000062FF000000000001 /* XCRemoteSwiftPackageReference "SwiftTreeSitter" */ = {
			isa = XCRemoteSwiftPackageReference;
			repositoryURL = "https://github.com/ChimeHQ/SwiftTreeSitter.git";
			requirement = {
				kind = upToNextMajorVersion;
				minimumVersion = 0.9.0;
			};
		};
		B25000092FF000000000001 /* XCRemoteSwiftPackageReference "tree-sitter-groovy" */ = {
			isa = XCRemoteSwiftPackageReference;
			repositoryURL = "https://github.com/dekobon/tree-sitter-groovy.git";
			requirement = {
				kind = exactVersion;
				version = 0.2.2;
			};
		};
/* End XCRemoteSwiftPackageReference section */

/* Begin XCSwiftPackageProductDependency section */
		B23F10022FE000000000001 /* SwiftTerm */ = {
			isa = XCSwiftPackageProductDependency;
			package = B23F10032FE000000000001 /* XCRemoteSwiftPackageReference "SwiftTerm" */;
			productName = SwiftTerm;
		};
		B25000022FF000000000001 /* CodeEditLanguages */ = {
			isa = XCSwiftPackageProductDependency;
			package = B25000032FF000000000001 /* XCRemoteSwiftPackageReference "CodeEditLanguages" */;
			productName = CodeEditLanguages;
		};
		B25000052FF000000000001 /* SwiftTreeSitter */ = {
			isa = XCSwiftPackageProductDependency;
			package = B25000062FF000000000001 /* XCRemoteSwiftPackageReference "SwiftTreeSitter" */;
			productName = SwiftTreeSitter;
		};
		B25000082FF000000000001 /* TreeSitterGroovy */ = {
			isa = XCSwiftPackageProductDependency;
			package = B25000092FF000000000001 /* XCRemoteSwiftPackageReference "tree-sitter-groovy" */;
			productName = TreeSitterGroovy;
		};
/* End XCSwiftPackageProductDependency section */
	};
	rootObject = B21AEBA82FD6D057008C4AEE /* Project object */;
}
